
Microsoft Visual Studio Solution File, Format Version 12.00
# Visual Studio Version 16
VisualStudioVersion = 16.0.30011.22
MinimumVisualStudioVersion = 10.0.40219.1
Project("{FAE04EC0-301F-11D3-BF4B-00C04F79EFBC}") = "MVC_LogoIn", "MVC_LogoIn\MVC_LogoIn.csproj", "{C6F60E28-F64F-49C6-90B5-751899C0C73A}"
EndProject
Global
	GlobalSection(SolutionConfigurationPlatforms) = preSolution
		Debug|Any CPU = Debug|Any CPU
		Release|Any CPU = Release|Any CPU
	EndGlobalSection
	GlobalSection(ProjectConfigurationPlatforms) = postSolution
		{C6F60E28-F64F-49C6-90B5-751899C0C73A}.Debug|Any CPU.ActiveCfg = Debug|Any CPU
		{C6F60E28-F64F-49C6-90B5-751899C0C73A}.Debug|Any CPU.Build.0 = Debug|Any CPU
		{C6F60E28-F64F-49C6-90B5-751899C0C73A}.Release|Any CPU.ActiveCfg = Release|Any CPU
		{C6F60E28-F64F-49C6-90B5-751899C0C73A}.Release|Any CPU.Build.0 = Release|Any CPU
	EndGlobalSection
	GlobalSection(SolutionProperties) = preSolution
		HideSolutionNode = FALSE
	EndGlobalSection
	GlobalSection(ExtensibilityGlobals) = postSolution
		SolutionGuid = {B3815369-88D6-4F6E-91B9-506EDD19631C}
	EndGlobalSection
EndGlobal
